// !$*UTF8*$!
{
	archiveVersion = 1;
	classes = {
	};
	objectVersion = 77;
	objects = {

/* Begin PBXBuildFile section */
		8C9321662EB50193001ACE29 /* GoogleMobileAds in Frameworks */ = {isa = PBXBuildFile; productRef = 8C9321652EB50193001ACE29 /* GoogleMobileAds */; };
/* End PBXBuildFile section */

/* Begin PBXContainerItemProxy section */
		8CB6DC8A2EA1408200E04936 /* PBXContainerItemProxy */ = {
			isa = PBXContainerItemProxy;
			containerPortal = 8CB6DC742EA1408000E04936 /* Project object */;
			proxyType = 1;
			remoteGlobalIDString = 8CB6DC7B2EA1408000E04936;
			remoteInfo = HealthScanner;
		};
		8CB6DC942EA1408200E04936 /* PBXContainerItemProxy */ = {
			isa = PBXContainerItemProxy;
			containerPortal = 8CB6DC742EA1408000E04936 /* Project object */;
			proxyType = 1;
			remoteGlobalIDString = 8CB6DC7B2EA1408000E04936;
			remoteInfo = HealthScanner;
		};
/* End PBXContainerItemProxy section */

/* Begin PBXFileReference section */
		8CB6DC7C2EA1408000E04936 /* HealthScanner.app */ = {isa = PBXFileReference; explicitFileType = wrapper.application; includeInIndex = 0; path = HealthScanner.app; sourceTree = BUILT_PRODUCTS_DIR; };
		8CB6DC892EA1408200E04936 /* HealthScannerTests.xctest */ = {isa = PBXFileReference; explicitFileType = wrapper.cfbundle; includeInIndex = 0; path = HealthScannerTests.xctest; sourceTree = BUILT_PRODUCTS_DIR; };
		8CB6DC932EA1408200E04936 /* HealthScannerUITests.xctest */ = {isa = PBXFileReference; explicitFileType = wrapper.cfbundle; includeInIndex = 0; path = HealthScannerUITests.xctest; sourceTree = BUILT_PRODUCTS_DIR; };
/* End PBXFileReference section */

/* Begin PBXFileSystemSynchronizedBuildFileExceptionSet section */
		8CB6DD072EA3E96300E04936 /* Exceptions for "HealthScanner" folder in "HealthScanner" target */ = {
			isa = PBXFileSystemSynchronizedBuildFileExceptionSet;
			membershipExceptions = (
				Info.plist,
			);
			target = 8CB6DC7B2EA1408000E04936 /* HealthScanner */;
		};
/* End PBXFileSystemSynchronizedBuildFileExceptionSet section */

/* Begin PBXFileSystemSynchronizedRootGroup section */
		8CB6DC7E2EA1408000E04936 /* HealthScanner */ = {
			isa = PBXFileSystemSynchronizedRootGroup;
			exceptions = (
				8CB6DD072EA3E96300E04936 /* Exceptions for "HealthScanner" folder in "HealthScanner" target */,
			);
			path = HealthScanner;
			sourceTree = "<group>";
		};
		8CB6DC8C2EA1408200E04936 /* HealthScannerTests */ = {
			isa = PBXFileSystemSynchronizedRootGroup;
			path = HealthScannerTests;
			sourceTree = "<group>";
		};
		8CB6DC962EA1408200E04936 /* HealthScannerUITests */ = {
			isa = PBXFileSystemSynchronizedRootGroup;
			path = HealthScannerUITests;
			sourceTree = "<group>";
		};
/* End PBXFileSystemSynchronizedRootGroup section */

/* Begin PBXFrameworksBuildPhase section */
		8CB6DC792EA1408000E04936 /* Frameworks */ = {
			isa = PBXFrameworksBuildPhase;
			buildActionMask = 2147483647;
			files = (
				8C9321662EB50193001ACE29 /* GoogleMobileAds in Frameworks */,
			);
			runOnlyForDeploymentPostprocessing = 0;
		};
		8CB6DC862EA1408200E04936 /* Frameworks */ = {
			isa = PBXFrameworksBuildPhase;
			buildActionMask = 2147483647;
			files = (
			);
			runOnlyForDeploymentPostprocessing = 0;
		};
		8CB6DC902EA1408200E04936 /* Frameworks */ = {
			isa = PBXFrameworksBuildPhase;
			buildActionMask = 2147483647;
			files = (
			);
			runOnlyForDeploymentPostprocessing = 0;
		};
/* End PBXFrameworksBuildPhase section */

/* Begin PBXGroup section */
		8CB6DC732EA1408000E04936 = {
			isa = PBXGroup;
			children = (
				8CB6DC7E2EA1408000E04936 /* HealthScanner */,
				8CB6DC8C2EA1408200E04936 /* HealthScannerTests */,
				8CB6DC962EA1408200E04936 /* HealthScannerUITests */,
				8CB6DC7D2EA1408000E04936 /* Products */,
			);
			sourceTree = "<group>";
		};
		8CB6DC7D2EA1408000E04936 /* Products */ = {
			isa = PBXGroup;
			children = (
				8CB6DC7C2EA1408000E04936 /* HealthScanner.app */,
				8CB6DC892EA1408200E04936 /* HealthScannerTests.xctest */,
				8CB6DC932EA1408200E04936 /* HealthScannerUITests.xctest */,
			);
			name = Products;
			sourceTree = "<group>";
		};
/* End PBXGroup section */

/* Begin PBXNativeTarget section */
		8CB6DC7B2EA1408000E04936 /* HealthScanner */ = {
			isa = PBXNativeTarget;
			buildConfigurationList = 8CB6DC9D2EA1408200E04936 /* Build configuration list for PBXNativeTarget "HealthScanner" */;
			buildPhases = (
				8CB6DC782EA1408000E04936 /* Sources */,
				8CB6DC792EA1408000E04936 /* Frameworks */,
				8CB6DC7A2EA1408000E04936 /* Resources */,
			);
			buildRules = (
			);
			dependencies = (
			);
			fileSystemSynchronizedGroups = (
				8CB6DC7E2EA1408000E04936 /* HealthScanner */,
			);
			name = HealthScanner;
			packageProductDependencies = (
				8C9321652EB50193001ACE29 /* GoogleMobileAds */,
			);
			productName = HealthScanner;
			productReference = 8CB6DC7C2EA1408000E04936 /* HealthScanner.app */;
			productType = "com.apple.product-type.application";
		};
		8CB6DC882EA1408200E04936 /* HealthScannerTests */ = {
			isa = PBXNativeTarget;
			buildConfigurationList = 8CB6DCA02EA1408200E04936 /* Build configuration list for PBXNativeTarget "HealthScannerTests" */;
			buildPhases = (
				8CB6DC852EA1408200E04936 /* Sources */,
				8CB6DC862EA1408200E04936 /* Frameworks */,
				8CB6DC872EA1408200E04936 /* Resources */,
			);
			buildRules = (
			);
			dependencies = (
				8CB6DC8B2EA1408200E04936 /* PBXTargetDependency */,
			);
			fileSystemSynchronizedGroups = (
				8CB6DC8C2EA1408200E04936 /* HealthScannerTests */,
			);
			name = HealthScannerTests;
			packageProductDependencies = (
			);
			productName = HealthScannerTests;
			productReference = 8CB6DC892EA1408200E04936 /* HealthScannerTests.xctest */;
			productType = "com.apple.product-type.bundle.unit-test";
		};
		8CB6DC922EA1408200E04936 /* HealthScannerUITests */ = {
			isa = PBXNativeTarget;
			buildConfigurationList = 8CB6DCA32EA1408200E04936 /* Build configuration list for PBXNativeTarget "HealthScannerUITests" */;
			buildPhases = (
				8CB6DC8F2EA1408200E04936 /* Sources */,
				8CB6DC902EA1408200E04936 /* Frameworks */,
				8CB6DC912EA1408200E04936 /* Resources */,
			);
			buildRules = (
			);
			dependencies = (
				8CB6DC952EA1408200E04936 /* PBXTargetDependency */,
			);
			fileSystemSynchronizedGroups = (
				8CB6DC962EA1408200E04936 /* HealthScannerUITests */,
			);
			name = HealthScannerUITests;
			packageProductDependencies = (
			);
			productName = HealthScannerUITests;
			productReference = 8CB6DC932EA1408200E04936 /* HealthScannerUITests.xctest */;
			productType = "com.apple.product-type.bundle.ui-testing";
		};
/* End PBXNativeTarget section */

/* Begin PBXProject section */
		8CB6DC742EA1408000E04936 /* Project object */ = {
			isa = PBXProject;
			attributes = {
				BuildIndependentTargetsInParallel = 1;
				LastSwiftUpdateCheck = 2600;
				LastUpgradeCheck = 2610;
				TargetAttributes = {
					8CB6DC7B2EA1408000E04936 = {
						CreatedOnToolsVersion = 26.0.1;
					};
					8CB6DC882EA1408200E04936 = {
						CreatedOnToolsVersion = 26.0.1;
						TestTargetID = 8CB6DC7B2EA1408000E04936;
					};
					8CB6DC922EA1408200E04936 = {
						CreatedOnToolsVersion = 26.0.1;
						TestTargetID = 8CB6DC7B2EA1408000E04936;
					};
				};
			};
			buildConfigurationList = 8CB6DC772EA1408000E04936 /* Build configuration list for PBXProject "HealthScanner" */;
			developmentRegion = en;
			hasScannedForEncodings = 0;
			knownRegions = (
				en,
				Base,
				"zh-Hant",
			);
			mainGroup = 8CB6DC732EA1408000E04936;
			minimizedProjectReferenceProxies = 1;
			packageReferences = (
				8C9321642EB50193001ACE29 /* XCRemoteSwiftPackageReference "swift-package-manager-google-mobile-ads" */,
			);
			preferredProjectObjectVersion = 77;
			productRefGroup = 8CB6DC7D2EA1408000E04936 /* Products */;
			projectDirPath = "";
			projectRoot = "";
			targets = (
				8CB6DC7B2EA1408000E04936 /* HealthScanner */,
				8CB6DC882EA1408200E04936 /* HealthScannerTests */,
				8CB6DC922EA1408200E04936 /* HealthScannerUITests */,
			);
		};
/* End PBXProject section */

/* Begin PBXResourcesBuildPhase section */
		8CB6DC7A2EA1408000E04936 /* Resources */ = {
			isa = PBXResourcesBuildPhase;
			buildActionMask = 2147483647;
			files = (
			);
			runOnlyForDeploymentPostprocessing = 0;
		};
		8CB6DC872EA1408200E04936 /* Resources */ = {
			isa = PBXResourcesBuildPhase;
			buildActionMask = 2147483647;
			files = (
			);
			runOnlyForDeploymentPostprocessing = 0;
		};
		8CB6DC912EA1408200E04936 /* Resources */ = {
			isa = PBXResourcesBuildPhase;
			buildActionMask = 2147483647;
			files = (
			);
			runOnlyForDeploymentPostprocessing = 0;
		};
/* End PBXResourcesBuildPhase section */

/* Begin PBXSourcesBuildPhase section */
		8CB6DC782EA1408000E04936 /* Sources */ = {
			isa = PBXSourcesBuildPhase;
			buildActionMask = 2147483647;
			files = (
			);
			runOnlyForDeploymentPostprocessing = 0;
		};
		8CB6DC852EA1408200E04936 /* Sources */ = {
			isa = PBXSourcesBuildPhase;
			buildActionMask = 2147483647;
			files = (
			);
			runOnlyForDeploymentPostprocessing = 0;
		};
		8CB6DC8F2EA1408200E04936 /* Sources */ = {
			isa = PBXSourcesBuildPhase;
			buildActionMask = 2147483647;
			files = (
			);
			runOnlyForDeploymentPostprocessing = 0;
		};
/* End PBXSourcesBuildPhase section */

/* Begin PBXTargetDependency section */
		8CB6DC8B2EA1408200E04936 /* PBXTargetDependency */ = {
			isa = PBXTargetDependency;
			target = 8CB6DC7B2EA1408000E04936 /* HealthScanner */;
			targetProxy = 8CB6DC8A2EA1408200E04936 /* PBXContainerItemProxy */;
		};
		8CB6DC952EA1408200E04936 /* PBXTargetDependency */ = {
			isa = PBXTargetDependency;
			target = 8CB6DC7B2EA1408000E04936 /* HealthScanner */;
			targetProxy = 8CB6DC942EA1408200E04936 /* PBXContainerItemProxy */;
		};
/* End PBXTargetDependency section */

/* Begin XCBuildConfiguration section */
		8CB6DC9B2EA1408200E04936 /* Debug */ = {
			isa = XCBuildConfiguration;
			buildSettings = {
				ALWAYS_SEARCH_USER_PATHS = NO;
				ASSETCATALOG_COMPILER_GENERATE_SWIFT_ASSET_SYMBOL_EXTENSIONS = YES;
				CLANG_ANALYZER_LOCALIZABILITY_NONLOCALIZED = YES;
				CLANG_ANALYZER_NONNULL = YES;
				CLANG_ANALYZER_NUMBER_OBJECT_CONVERSION = YES_AGGRESSIVE;
				CLANG_CXX_LANGUAGE_STANDARD = "gnu++20";
				CLANG_ENABLE_MODULES = YES;
				CLANG_ENABLE_OBJC_ARC = YES;
				CLANG_ENABLE_OBJC_WEAK = YES;
				CLANG_WARN_BLOCK_CAPTURE_AUTORELEASING = YES;
				CLANG_WARN_BOOL_CONVERSION = YES;
				CLANG_WARN_COMMA = YES;
				CLANG_WARN_CONSTANT_CONVERSION = YES;
				CLANG_WARN_DEPRECATED_OBJC_IMPLEMENTATIONS = YES;
				CLANG_WARN_DIRECT_OBJC_ISA_USAGE = YES_ERROR;
				CLANG_WARN_DOCUMENTATION_COMMENTS = YES;
				CLANG_WARN_EMPTY_BODY = YES;
				CLANG_WARN_ENUM_CONVERSION = YES;
				CLANG_WARN_INFINITE_RECURSION = YES;
				CLANG_WARN_INT_CONVERSION = YES;
				CLANG_WARN_NON_LITERAL_NULL_CONVERSION = YES;
				CLANG_WARN_OBJC_IMPLICIT_RETAIN_SELF = YES;
				CLANG_WARN_OBJC_LITERAL_CONVERSION = YES;
				CLANG_WARN_OBJC_ROOT_CLASS = YES_ERROR;
				CLANG_WARN_QUOTED_INCLUDE_IN_FRAMEWORK_HEADER = YES;
				CLANG_WARN_RANGE_LOOP_ANALYSIS = YES;
				CLANG_WARN_STRICT_PROTOTYPES = YES;
				CLANG_WARN_SUSPICIOUS_MOVE = YES;
				CLANG_WARN_UNGUARDED_AVAILABILITY = YES_AGGRESSIVE;
				CLANG_WARN_UNREACHABLE_CODE = YES;
				CLANG_WARN__DUPLICATE_METHOD_MATCH = YES;
				COPY_PHASE_STRIP = NO;
				DEBUG_INFORMATION_FORMAT = dwarf;
				DEVELOPMENT_TEAM = D889F8Z6MX;
				ENABLE_STRICT_OBJC_MSGSEND = YES;
				ENABLE_TESTABILITY = YES;
				ENABLE_USER_SCRIPT_SANDBOXING = YES;
				GCC_C_LANGUAGE_STANDARD = gnu17;
				GCC_DYNAMIC_NO_PIC = NO;
				GCC_NO_COMMON_BLOCKS = YES;
				GCC_OPTIMIZATION_LEVEL = 0;
				GCC_PREPROCESSOR_DEFINITIONS = (
					"DEBUG=1",
					"$(inherited)",
				);
				GCC_WARN_64_TO_32_BIT_CONVERSION = YES;
				GCC_WARN_ABOUT_RETURN_TYPE = YES_ERROR;
				GCC_WARN_UNDECLARED_SELECTOR = YES;
				GCC_WARN_UNINITIALIZED_AUTOS = YES_AGGRESSIVE;
				GCC_WARN_UNUSED_FUNCTION = YES;
				GCC_WARN_UNUSED_VARIABLE = YES;
				IPHONEOS_DEPLOYMENT_TARGET = 26.0;
				LOCALIZATION_PREFERS_STRING_CATALOGS = YES;
				MTL_ENABLE_DEBUG_INFO = INCLUDE_SOURCE;
				MTL_FAST_MATH = YES;
				ONLY_ACTIVE_ARCH = YES;
				SDKROOT = iphoneos;
				STRING_CATALOG_GENERATE_SYMBOLS = YES;
				SWIFT_ACTIVE_COMPILATION_CONDITIONS = "DEBUG $(inherited)";
				SWIFT_OPTIMIZATION_LEVEL = "-Onone";
			};
			name = Debug;
		};
		8CB6DC9C2EA1408200E04936 /* Release */ = {
			isa = XCBuildConfiguration;
			buildSettings = {
				ALWAYS_SEARCH_USER_PATHS = NO;
				ASSETCATALOG_COMPILER_GENERATE_SWIFT_ASSET_SYMBOL_EXTENSIONS = YES;
				CLANG_ANALYZER_LOCALIZABILITY_NONLOCALIZED = YES;
				CLANG_ANALYZER_NONNULL = YES;
				CLANG_ANALYZER_NUMBER_OBJECT_CONVERSION = YES_AGGRESSIVE;
				CLANG_CXX_LANGUAGE_STANDARD = "gnu++20";
				CLANG_ENABLE_MODULES = YES;
				CLANG_ENABLE_OBJC_ARC = YES;
				CLANG_ENABLE_OBJC_WEAK = YES;
				CLANG_WARN_BLOCK_CAPTURE_AUTORELEASING = YES;
				CLANG_WARN_BOOL_CONVERSION = YES;
				CLANG_WARN_COMMA = YES;
				CLANG_WARN_CONSTANT_CONVERSION = YES;
				CLANG_WARN_DEPRECATED_OBJC_IMPLEMENTATIONS = YES;
				CLANG_WARN_DIRECT_OBJC_ISA_USAGE = YES_ERROR;
				CLANG_WARN_DOCUMENTATION_COMMENTS = YES;
				CLANG_WARN_EMPTY_BODY = YES;
				CLANG_WARN_ENUM_CONVERSION = YES;
				CLANG_WARN_INFINITE_RECURSION = YES;
				CLANG_WARN_INT_CONVERSION = YES;
				CLANG_WARN_NON_LITERAL_NULL_CONVERSION = YES;
				CLANG_WARN_OBJC_IMPLICIT_RETAIN_SELF = YES;
				CLANG_WARN_OBJC_LITERAL_CONVERSION = YES;
				CLANG_WARN_OBJC_ROOT_CLASS = YES_ERROR;
				CLANG_WARN_QUOTED_INCLUDE_IN_FRAMEWORK_HEADER = YES;
				CLANG_WARN_RANGE_LOOP_ANALYSIS = YES;
				CLANG_WARN_STRICT_PROTOTYPES = YES;
				CLANG_WARN_SUSPICIOUS_MOVE = YES;
				CLANG_WARN_UNGUARDED_AVAILABILITY = YES_AGGRESSIVE;
				CLANG_WARN_UNREACHABLE_CODE = YES;
				CLANG_WARN__DUPLICATE_METHOD_MATCH = YES;
				COPY_PHASE_STRIP = NO;
				DEBUG_INFORMATION_FORMAT = "dwarf-with-dsym";
				DEVELOPMENT_TEAM = D889F8Z6MX;
				ENABLE_NS_ASSERTIONS = NO;
				ENABLE_STRICT_OBJC_MSGSEND = YES;
				ENABLE_USER_SCRIPT_SANDBOXING = YES;
				GCC_C_LANGUAGE_STANDARD = gnu17;
				GCC_NO_COMMON_BLOCKS = YES;
				GCC_WARN_64_TO_32_BIT_CONVERSION = YES;
				GCC_WARN_ABOUT_RETURN_TYPE = YES_ERROR;
				GCC_WARN_UNDECLARED_SELECTOR = YES;
				GCC_WARN_UNINITIALIZED_AUTOS = YES_AGGRESSIVE;
				GCC_WARN_UNUSED_FUNCTION = YES;
				GCC_WARN_UNUSED_VARIABLE = YES;
				IPHONEOS_DEPLOYMENT_TARGET = 26.0;
				LOCALIZATION_PREFERS_STRING_CATALOGS = YES;
				MTL_ENABLE_DEBUG_INFO = NO;
				MTL_FAST_MATH = YES;
				SDKROOT = iphoneos;
				STRING_CATALOG_GENERATE_SYMBOLS = YES;
				SWIFT_COMPILATION_MODE = wholemodule;
				VALIDATE_PRODUCT = YES;
			};
			name = Release;
		};
		8CB6DC9E2EA1408200E04936 /* Debug */ = {
			isa = XCBuildConfiguration;
			buildSettings = {
				ASSETCATALOG_COMPILER_APPICON_NAME = AppIcon;
				ASSETCATALOG_COMPILER_GLOBAL_ACCENT_COLOR_NAME = AccentColor;
				CODE_SIGN_ENTITLEMENTS = HealthScanner/HealthScanner.entitlements;
				CODE_SIGN_STYLE = Automatic;
				CURRENT_PROJECT_VERSION = 1;
				DEVELOPMENT_TEAM = D889F8Z6MX;
				ENABLE_PREVIEWS = YES;
				GENERATE_INFOPLIST_FILE = YES;
				INFOPLIST_FILE = HealthScanner/Info.plist;
				INFOPLIST_KEY_CFBundleDisplayName = PicHealth;
				INFOPLIST_KEY_LSApplicationCategoryType = "public.app-category.healthcare-fitness";
				INFOPLIST_KEY_NSCameraUsageDescription = "需要使用相機來拍攝健康設備的螢幕以識別數據";
				INFOPLIST_KEY_NSHealthShareUsageDescription = "需要讀取健康數據以顯示您的歷史記錄";
				INFOPLIST_KEY_NSHealthUpdateUsageDescription = "需要寫入健康數據以儲存您掃描的健康資訊";
				INFOPLIST_KEY_UIApplicationSceneManifest_Generation = YES;
				INFOPLIST_KEY_UIApplicationSupportsIndirectInputEvents = YES;
				INFOPLIST_KEY_UILaunchScreen_Generation = YES;
				INFOPLIST_KEY_UISupportedInterfaceOrientations_iPad = "UIInterfaceOrientationPortrait UIInterfaceOrientationPortraitUpsideDown UIInterfaceOrientationLandscapeLeft UIInterfaceOrientationLandscapeRight";
				INFOPLIST_KEY_UISupportedInterfaceOrientations_iPhone = "UIInterfaceOrientationPortrait UIInterfaceOrientationLandscapeLeft UIInterfaceOrientationLandscapeRight";
				IPHONEOS_DEPLOYMENT_TARGET = 17.6;
				LD_RUNPATH_SEARCH_PATHS = (
					"$(inherited)",
					"@executable_path/Frameworks",
				);
				MARKETING_VERSION = 1.0.0;
				PRODUCT_BUNDLE_IDENTIFIER = tu.HealthScanner;
				PRODUCT_NAME = "$(TARGET_NAME)";
				STRING_CATALOG_GENERATE_SYMBOLS = YES;
				SWIFT_APPROACHABLE_CONCURRENCY = YES;
				SWIFT_DEFAULT_ACTOR_ISOLATION = MainActor;
				SWIFT_EMIT_LOC_STRINGS = YES;
				SWIFT_UPCOMING_FEATURE_MEMBER_IMPORT_VISIBILITY = YES;
				SWIFT_VERSION = 5.0;
				TARGETED_DEVICE_FAMILY = "1,2";
			};
			name = Debug;
		};
		8CB6DC9F2EA1408200E04936 /* Release */ = {
			isa = XCBuildConfiguration;
			buildSettings = {
				ASSETCATALOG_COMPILER_APPICON_NAME = AppIcon;
				ASSETCATALOG_COMPILER_GLOBAL_ACCENT_COLOR_NAME = AccentColor;
				CODE_SIGN_ENTITLEMENTS = HealthScanner/HealthScanner.entitlements;
				CODE_SIGN_STYLE = Automatic;
				CURRENT_PROJECT_VERSION = 1;
				DEVELOPMENT_TEAM = D889F8Z6MX;
				ENABLE_PREVIEWS = YES;
				GENERATE_INFOPLIST_FILE = YES;
				INFOPLIST_FILE = HealthScanner/Info.plist;
				INFOPLIST_KEY_CFBundleDisplayName = PicHealth;
				INFOPLIST_KEY_LSApplicationCategoryType = "public.app-category.healthcare-fitness";
				INFOPLIST_KEY_NSCameraUsageDescription = "需要使用相機來拍攝健康設備的螢幕以識別數據";
				INFOPLIST_KEY_NSHealthShareUsageDescription = "需要讀取健康數據以顯示您的歷史記錄";
				INFOPLIST_KEY_NSHealthUpdateUsageDescription = "需要寫入健康數據以儲存您掃描的健康資訊";
				INFOPLIST_KEY_UIApplicationSceneManifest_Generation = YES;
				INFOPLIST_KEY_UIApplicationSupportsIndirectInputEvents = YES;
				INFOPLIST_KEY_UILaunchScreen_Generation = YES;
				INFOPLIST_KEY_UISupportedInterfaceOrientations_iPad = "UIInterfaceOrientationPortrait UIInterfaceOrientationPortraitUpsideDown UIInterfaceOrientationLandscapeLeft UIInterfaceOrientationLandscapeRight";
				INFOPLIST_KEY_UISupportedInterfaceOrientations_iPhone = "UIInterfaceOrientationPortrait UIInterfaceOrientationLandscapeLeft UIInterfaceOrientationLandscapeRight";
				IPHONEOS_DEPLOYMENT_TARGET = 17.6;
				LD_RUNPATH_SEARCH_PATHS = (
					"$(inherited)",
					"@executable_path/Frameworks",
				);
				MARKETING_VERSION = 1.0.0;
				PRODUCT_BUNDLE_IDENTIFIER = tu.HealthScanner;
				PRODUCT_NAME = "$(TARGET_NAME)";
				STRING_CATALOG_GENERATE_SYMBOLS = YES;
				SWIFT_APPROACHABLE_CONCURRENCY = YES;
				SWIFT_DEFAULT_ACTOR_ISOLATION = MainActor;
				SWIFT_EMIT_LOC_STRINGS = YES;
				SWIFT_UPCOMING_FEATURE_MEMBER_IMPORT_VISIBILITY = YES;
				SWIFT_VERSION = 5.0;
				TARGETED_DEVICE_FAMILY = "1,2";
			};
			name = Release;
		};
		8CB6DCA12EA1408200E04936 /* Debug */ = {
			isa = XCBuildConfiguration;
			buildSettings = {
				BUNDLE_LOADER = "$(TEST_HOST)";
				CODE_SIGN_STYLE = Automatic;
				CURRENT_PROJECT_VERSION = 1;
				DEVELOPMENT_TEAM = D889F8Z6MX;
				GENERATE_INFOPLIST_FILE = YES;
				IPHONEOS_DEPLOYMENT_TARGET = 26.0;
				MARKETING_VERSION = 1.0;
				PRODUCT_BUNDLE_IDENTIFIER = tu.HealthScannerTests;
				PRODUCT_NAME = "$(TARGET_NAME)";
				STRING_CATALOG_GENERATE_SYMBOLS = NO;
				SWIFT_APPROACHABLE_CONCURRENCY = YES;
				SWIFT_EMIT_LOC_STRINGS = NO;
				SWIFT_UPCOMING_FEATURE_MEMBER_IMPORT_VISIBILITY = YES;
				SWIFT_VERSION = 5.0;
				TARGETED_DEVICE_FAMILY = "1,2";
				TEST_HOST = "$(BUILT_PRODUCTS_DIR)/HealthScanner.app/$(BUNDLE_EXECUTABLE_FOLDER_PATH)/HealthScanner";
			};
			name = Debug;
		};
		8CB6DCA22EA1408200E04936 /* Release */ = {
			isa = XCBuildConfiguration;
			buildSettings = {
				BUNDLE_LOADER = "$(TEST_HOST)";
				CODE_SIGN_STYLE = Automatic;
				CURRENT_PROJECT_VERSION = 1;
				DEVELOPMENT_TEAM = D889F8Z6MX;
				GENERATE_INFOPLIST_FILE = YES;
				IPHONEOS_DEPLOYMENT_TARGET = 26.0;
				MARKETING_VERSION = 1.0;
				PRODUCT_BUNDLE_IDENTIFIER = tu.HealthScannerTests;
				PRODUCT_NAME = "$(TARGET_NAME)";
				STRING_CATALOG_GENERATE_SYMBOLS = NO;
				SWIFT_APPROACHABLE_CONCURRENCY = YES;
				SWIFT_EMIT_LOC_STRINGS = NO;
				SWIFT_UPCOMING_FEATURE_MEMBER_IMPORT_VISIBILITY = YES;
				SWIFT_VERSION = 5.0;
				TARGETED_DEVICE_FAMILY = "1,2";
				TEST_HOST = "$(BUILT_PRODUCTS_DIR)/HealthScanner.app/$(BUNDLE_EXECUTABLE_FOLDER_PATH)/HealthScanner";
			};
			name = Release;
		};
		8CB6DCA42EA1408200E04936 /* Debug */ = {
			isa = XCBuildConfiguration;
			buildSettings = {
				CODE_SIGN_STYLE = Automatic;
				CURRENT_PROJECT_VERSION = 1;
				DEVELOPMENT_TEAM = D889F8Z6MX;
				GENERATE_INFOPLIST_FILE = YES;
				MARKETING_VERSION = 1.0;
				PRODUCT_BUNDLE_IDENTIFIER = tu.HealthScannerUITests;
				PRODUCT_NAME = "$(TARGET_NAME)";
				STRING_CATALOG_GENERATE_SYMBOLS = NO;
				SWIFT_APPROACHABLE_CONCURRENCY = YES;
				SWIFT_EMIT_LOC_STRINGS = NO;
				SWIFT_UPCOMING_FEATURE_MEMBER_IMPORT_VISIBILITY = YES;
				SWIFT_VERSION = 5.0;
				TARGETED_DEVICE_FAMILY = "1,2";
				TEST_TARGET_NAME = HealthScanner;
			};
			name = Debug;
		};
		8CB6DCA52EA1408200E04936 /* Release */ = {
			isa = XCBuildConfiguration;
			buildSettings = {
				CODE_SIGN_STYLE = Automatic;
				CURRENT_PROJECT_VERSION = 1;
				DEVELOPMENT_TEAM = D889F8Z6MX;
				GENERATE_INFOPLIST_FILE = YES;
				MARKETING_VERSION = 1.0;
				PRODUCT_BUNDLE_IDENTIFIER = tu.HealthScannerUITests;
				PRODUCT_NAME = "$(TARGET_NAME)";
				STRING_CATALOG_GENERATE_SYMBOLS = NO;
				SWIFT_APPROACHABLE_CONCURRENCY = YES;
				SWIFT_EMIT_LOC_STRINGS = NO;
				SWIFT_UPCOMING_FEATURE_MEMBER_IMPORT_VISIBILITY = YES;
				SWIFT_VERSION = 5.0;
				TARGETED_DEVICE_FAMILY = "1,2";
				TEST_TARGET_NAME = HealthScanner;
			};
			name = Release;
		};
/* End XCBuildConfiguration section */

/* Begin XCConfigurationList section */
		8CB6DC772EA1408000E04936 /* Build configuration list for PBXProject "HealthScanner" */ = {
			isa = XCConfigurationList;
			buildConfigurations = (
				8CB6DC9B2EA1408200E04936 /* Debug */,
				8CB6DC9C2EA1408200E04936 /* Release */,
			);
			defaultConfigurationIsVisible = 0;
			defaultConfigurationName = Release;
		};
		8CB6DC9D2EA1408200E04936 /* Build configuration list for PBXNativeTarget "HealthScanner" */ = {
			isa = XCConfigurationList;
			buildConfigurations = (
				8CB6DC9E2EA1408200E04936 /* Debug */,
				8CB6DC9F2EA1408200E04936 /* Release */,
			);
			defaultConfigurationIsVisible = 0;
			defaultConfigurationName = Release;
		};
		8CB6DCA02EA1408200E04936 /* Build configuration list for PBXNativeTarget "HealthScannerTests" */ = {
			isa = XCConfigurationList;
			buildConfigurations = (
				8CB6DCA12EA1408200E04936 /* Debug */,
				8CB6DCA22EA1408200E04936 /* Release */,
			);
			defaultConfigurationIsVisible = 0;
			defaultConfigurationName = Release;
		};
		8CB6DCA32EA1408200E04936 /* Build configuration list for PBXNativeTarget "HealthScannerUITests" */ = {
			isa = XCConfigurationList;
			buildConfigurations = (
				8CB6DCA42EA1408200E04936 /* Debug */,
				8CB6DCA52EA1408200E04936 /* Release */,
			);
			defaultConfigurationIsVisible = 0;
			defaultConfigurationName = Release;
		};
/* End XCConfigurationList section */

/* Begin XCRemoteSwiftPackageReference section */
		8C9321642EB50193001ACE29 /* XCRemoteSwiftPackageReference "swift-package-manager-google-mobile-ads" */ = {
			isa = XCRemoteSwiftPackageReference;
			repositoryURL = "https://github.com/googleads/swift-package-manager-google-mobile-ads.git";
			requirement = {
				kind = upToNextMajorVersion;
				minimumVersion = 12.12.0;
			};
		};
/* End XCRemoteSwiftPackageReference section */

/* Begin XCSwiftPackageProductDependency section */
		8C9321652EB50193001ACE29 /* GoogleMobileAds */ = {
			isa = XCSwiftPackageProductDependency;
			package = 8C9321642EB50193001ACE29 /* XCRemoteSwiftPackageReference "swift-package-manager-google-mobile-ads" */;
			productName = GoogleMobileAds;
		};
/* End XCSwiftPackageProductDependency section */
	};
	rootObject = 8CB6DC742EA1408000E04936 /* Project object */;
}
